
Microsoft Visual Studio Solution File, Format Version 12.00
# Visual Studio Version 16
VisualStudioVersion = 16.0.31321.278
MinimumVisualStudioVersion = 10.0.40219.1
Project("{9A19103F-16F7-4668-BE54-9A1E7A4F7556}") = "LabRabota5_1", "LabRabota5_1\LabRabota5_1.csproj", "{2208A6C9-2F43-4AD7-A33F-E6B882B4B3B6}"
EndProject
Project("{FAE04EC0-301F-11D3-BF4B-00C04F79EFBC}") = "TestProject1", "TestProject1\TestProject1.csproj", "{2F5CD7B7-DD32-40DC-8EFB-46166D5E0553}"
EndProject
Global
	GlobalSection(SolutionConfigurationPlatforms) = preSolution
		Debug|Any CPU = Debug|Any CPU
		Release|Any CPU = Release|Any CPU
	EndGlobalSection
	GlobalSection(ProjectConfigurationPlatforms) = postSolution
		{2208A6C9-2F43-4AD7-A33F-E6B882B4B3B6}.Debug|Any CPU.ActiveCfg = Debug|Any CPU
		{2208A6C9-2F43-4AD7-A33F-E6B882B4B3B6}.Debug|Any CPU.Build.0 = Debug|Any CPU
		{2208A6C9-2F43-4AD7-A33F-E6B882B4B3B6}.Release|Any CPU.ActiveCfg = Release|Any CPU
		{2208A6C9-2F43-4AD7-A33F-E6B882B4B3B6}.Release|Any CPU.Build.0 = Release|Any CPU
		{2F5CD7B7-DD32-40DC-8EFB-46166D5E0553}.Debug|Any CPU.ActiveCfg = Debug|Any CPU
		{2F5CD7B7-DD32-40DC-8EFB-46166D5E0553}.Debug|Any CPU.Build.0 = Debug|Any CPU
		{2F5CD7B7-DD32-40DC-8EFB-46166D5E0553}.Release|Any CPU.ActiveCfg = Release|Any CPU
		{2F5CD7B7-DD32-40DC-8EFB-46166D5E0553}.Release|Any CPU.Build.0 = Release|Any CPU
	EndGlobalSection
	GlobalSection(SolutionProperties) = preSolution
		HideSolutionNode = FALSE
	EndGlobalSection
	GlobalSection(ExtensibilityGlobals) = postSolution
		SolutionGuid = {66B02A47-F47F-49D4-AE97-6293FC309747}
	EndGlobalSection
EndGlobal
